// !$*UTF8*$!
{
	archiveVersion = 1;
	classes = {
	};
	objectVersion = 56;
	objects = {

/* Begin PBXBuildFile section */
		163E5E8C29B8A4AB00A45A43 /* SceneDelegate.swift in Sources */ = {isa = PBXBuildFile; fileRef = 163E5E8329B8A4A800A45A43 /* SceneDelegate.swift */; };
		163E5E8D29B8A4AB00A45A43 /* Deck.swift in Sources */ = {isa = PBXBuildFile; fileRef = 163E5E8429B8A4A800A45A43 /* Deck.swift */; };
		163E5E8E29B8A4AB00A45A43 /* JokeViewController.swift in Sources */ = {isa = PBXBuildFile; fileRef = 163E5E8529B8A4A900A45A43 /* JokeViewController.swift */; };
		163E5E8F29B8A4AB00A45A43 /* AppDelegate.swift in Sources */ = {isa = PBXBuildFile; fileRef = 163E5E8629B8A4A900A45A43 /* AppDelegate.swift */; };
		163E5E9029B8A4AB00A45A43 /* joke.swift in Sources */ = {isa = PBXBuildFile; fileRef = 163E5E8729B8A4A900A45A43 /* joke.swift */; };
		163E5E9129B8A4AB00A45A43 /* Assets.xcassets in Resources */ = {isa = PBXBuildFile; fileRef = 163E5E8829B8A4A900A45A43 /* Assets.xcassets */; };
		163E5E9229B8A4AB00A45A43 /* LaunchScreen.storyboard in Resources */ = {isa = PBXBuildFile; fileRef = 163E5E8929B8A4AA00A45A43 /* LaunchScreen.storyboard */; };
		163E5E9329B8A4AB00A45A43 /* Main.storyboard in Resources */ = {isa = PBXBuildFile; fileRef = 163E5E8A29B8A4AA00A45A43 /* Main.storyboard */; };
		163E5E9429B8A4AB00A45A43 /* CardSelectionVC.swift in Sources */ = {isa = PBXBuildFile; fileRef = 163E5E8B29B8A4AA00A45A43 /* CardSelectionVC.swift */; };
/* End PBXBuildFile section */

/* Begin PBXFileReference section */
		163E5E6C29B8A47700A45A43 /* CARDGAME.app */ = {isa = PBXFileReference; explicitFileType = wrapper.application; includeInIndex = 0; path = CARDGAME.app; sourceTree = BUILT_PRODUCTS_DIR; };
		163E5E7D29B8A47800A45A43 /* Info.plist */ = {isa = PBXFileReference; lastKnownFileType = text.plist.xml; path = Info.plist; sourceTree = "<group>"; };
		163E5E8329B8A4A800A45A43 /* SceneDelegate.swift */ = {isa = PBXFileReference; fileEncoding = 4; lastKnownFileType = sourcecode.swift; path = SceneDelegate.swift; sourceTree = "<group>"; };
		163E5E8429B8A4A800A45A43 /* Deck.swift */ = {isa = PBXFileReference; fileEncoding = 4; lastKnownFileType = sourcecode.swift; path = Deck.swift; sourceTree = "<group>"; };
		163E5E8529B8A4A900A45A43 /* JokeViewController.swift */ = {isa = PBXFileReference; fileEncoding = 4; lastKnownFileType = sourcecode.swift; path = JokeViewController.swift; sourceTree = "<group>"; };
		163E5E8629B8A4A900A45A43 /* AppDelegate.swift */ = {isa = PBXFileReference; fileEncoding = 4; lastKnownFileType = sourcecode.swift; path = AppDelegate.swift; sourceTree = "<group>"; };
		163E5E8729B8A4A900A45A43 /* joke.swift */ = {isa = PBXFileReference; fileEncoding = 4; lastKnownFileType = sourcecode.swift; path = joke.swift; sourceTree = "<group>"; };
		163E5E8829B8A4A900A45A43 /* Assets.xcassets */ = {isa = PBXFileReference; lastKnownFileType = folder.assetcatalog; path = Assets.xcassets; sourceTree = "<group>"; };
		163E5E8929B8A4AA00A45A43 /* LaunchScreen.storyboard */ = {isa = PBXFileReference; fileEncoding = 4; lastKnownFileType = file.storyboard; path = LaunchScreen.storyboard; sourceTree = "<group>"; };
		163E5E8A29B8A4AA00A45A43 /* Main.storyboard */ = {isa = PBXFileReference; fileEncoding = 4; lastKnownFileType = file.storyboard; path = Main.storyboard; sourceTree = "<group>"; };
		163E5E8B29B8A4AA00A45A43 /* CardSelectionVC.swift */ = {isa = PBXFileReference; fileEncoding = 4; lastKnownFileType = sourcecode.swift; path = CardSelectionVC.swift; sourceTree = "<group>"; };
/* End PBXFileReference section */

/* Begin PBXFrameworksBuildPhase section */
		163E5E6929B8A47700A45A43 /* Frameworks */ = {
			isa = PBXFrameworksBuildPhase;
			buildActionMask = 2147483647;
			files = (
			);
			runOnlyForDeploymentPostprocessing = 0;
		};
/* End PBXFrameworksBuildPhase section */

/* Begin PBXGroup section */
		163E5E6329B8A47700A45A43 = {
			isa = PBXGroup;
			children = (
				163E5E6E29B8A47700A45A43 /* cardGame */,
				163E5E6D29B8A47700A45A43 /* Products */,
			);
			sourceTree = "<group>";
		};
		163E5E6D29B8A47700A45A43 /* Products */ = {
			isa = PBXGroup;
			children = (
				163E5E6C29B8A47700A45A43 /* CARDGAME.app */,
			);
			name = Products;
			sourceTree = "<group>";
		};
		163E5E6E29B8A47700A45A43 /* cardGame */ = {
			isa = PBXGroup;
			children = (
				163E5E9729B8A54B00A45A43 /* Delegate */,
				163E5E9629B8A52800A45A43 /* Structs */,
				163E5E9829B8A56200A45A43 /* VC */,
				163E5E9929B8A58100A45A43 /* Assets */,
				163E5E7D29B8A47800A45A43 /* Info.plist */,
			);
			path = cardGame;
			sourceTree = "<group>";
		};
		163E5E9629B8A52800A45A43 /* Structs */ = {
			isa = PBXGroup;
			children = (
				163E5E8729B8A4A900A45A43 /* joke.swift */,
				163E5E8429B8A4A800A45A43 /* Deck.swift */,
			);
			path = Structs;
			sourceTree = "<group>";
		};
		163E5E9729B8A54B00A45A43 /* Delegate */ = {
			isa = PBXGroup;
			children = (
				163E5E8629B8A4A900A45A43 /* AppDelegate.swift */,
				163E5E8329B8A4A800A45A43 /* SceneDelegate.swift */,
			);
			path = Delegate;
			sourceTree = "<group>";
		};
		163E5E9829B8A56200A45A43 /* VC */ = {
			isa = PBXGroup;
			children = (
				163E5E8B29B8A4AA00A45A43 /* CardSelectionVC.swift */,
				163E5E8529B8A4A900A45A43 /* JokeViewController.swift */,
				163E5E8A29B8A4AA00A45A43 /* Main.storyboard */,
				163E5E8929B8A4AA00A45A43 /* LaunchScreen.storyboard */,
			);
			path = VC;
			sourceTree = "<group>";
		};
		163E5E9929B8A58100A45A43 /* Assets */ = {
			isa = PBXGroup;
			children = (
				163E5E8829B8A4A900A45A43 /* Assets.xcassets */,
			);
			path = Assets;
			sourceTree = "<group>";
		};
/* End PBXGroup section */

/* Begin PBXNativeTarget section */
		163E5E6B29B8A47700A45A43 /* CARDGAME */ = {
			isa = PBXNativeTarget;
			buildConfigurationList = 163E5E8029B8A47800A45A43 /* Build configuration list for PBXNativeTarget "CARDGAME" */;
			buildPhases = (
				163E5E6829B8A47700A45A43 /* Sources */,
				163E5E6929B8A47700A45A43 /* Frameworks */,
				163E5E6A29B8A47700A45A43 /* Resources */,
			);
			buildRules = (
			);
			dependencies = (
			);
			name = CARDGAME;
			productName = cardGame;
			productReference = 163E5E6C29B8A47700A45A43 /* CARDGAME.app */;
			productType = "com.apple.product-type.application";
		};
/* End PBXNativeTarget section */

/* Begin PBXProject section */
		163E5E6429B8A47700A45A43 /* Project object */ = {
			isa = PBXProject;
			attributes = {
				BuildIndependentTargetsInParallel = 1;
				LastSwiftUpdateCheck = 1420;
				LastUpgradeCheck = 1420;
				TargetAttributes = {
					163E5E6B29B8A47700A45A43 = {
						CreatedOnToolsVersion = 14.2;
						LastSwiftMigration = 1420;
					};
				};
			};
			buildConfigurationList = 163E5E6729B8A47700A45A43 /* Build configuration list for PBXProject "CARDGAME" */;
			compatibilityVersion = "Xcode 14.0";
			developmentRegion = en;
			hasScannedForEncodings = 0;
			knownRegions = (
				en,
				Base,
			);
			mainGroup = 163E5E6329B8A47700A45A43;
			productRefGroup = 163E5E6D29B8A47700A45A43 /* Products */;
			projectDirPath = "";
			projectRoot = "";
			targets = (
				163E5E6B29B8A47700A45A43 /* CARDGAME */,
			);
		};
/* End PBXProject section */

/* Begin PBXResourcesBuildPhase section */
		163E5E6A29B8A47700A45A43 /* Resources */ = {
			isa = PBXResourcesBuildPhase;
			buildActionMask = 2147483647;
			files = (
				163E5E9329B8A4AB00A45A43 /* Main.storyboard in Resources */,
				163E5E9129B8A4AB00A45A43 /* Assets.xcassets in Resources */,
				163E5E9229B8A4AB00A45A43 /* LaunchScreen.storyboard in Resources */,
			);
			runOnlyForDeploymentPostprocessing = 0;
		};
/* End PBXResourcesBuildPhase section */

/* Begin PBXSourcesBuildPhase section */
		163E5E6829B8A47700A45A43 /* Sources */ = {
			isa = PBXSourcesBuildPhase;
			buildActionMask = 2147483647;
			files = (
				163E5E8F29B8A4AB00A45A43 /* AppDelegate.swift in Sources */,
				163E5E8D29B8A4AB00A45A43 /* Deck.swift in Sources */,
				163E5E8C29B8A4AB00A45A43 /* SceneDelegate.swift in Sources */,
				163E5E9029B8A4AB00A45A43 /* joke.swift in Sources */,
				163E5E8E29B8A4AB00A45A43 /* JokeViewController.swift in Sources */,
				163E5E9429B8A4AB00A45A43 /* CardSelectionVC.swift in Sources */,
			);
			runOnlyForDeploymentPostprocessing = 0;
		};
/* End PBXSourcesBuildPhase section */

/* Begin XCBuildConfiguration section */
		163E5E7E29B8A47800A45A43 /* Debug */ = {
			isa = XCBuildConfiguration;
			buildSettings = {
				ALWAYS_SEARCH_USER_PATHS = NO;
				CLANG_ANALYZER_NONNULL = YES;
				CLANG_ANALYZER_NUMBER_OBJECT_CONVERSION = YES_AGGRESSIVE;
				CLANG_CXX_LANGUAGE_STANDARD = "gnu++20";
				CLANG_ENABLE_MODULES = YES;
				CLANG_ENABLE_OBJC_ARC = YES;
				CLANG_ENABLE_OBJC_WEAK = YES;
				CLANG_WARN_BLOCK_CAPTURE_AUTORELEASING = YES;
				CLANG_WARN_BOOL_CONVERSION = YES;
				CLANG_WARN_COMMA = YES;
				CLANG_WARN_CONSTANT_CONVERSION = YES;
				CLANG_WARN_DEPRECATED_OBJC_IMPLEMENTATIONS = YES;
				CLANG_WARN_DIRECT_OBJC_ISA_USAGE = YES_ERROR;
				CLANG_WARN_DOCUMENTATION_COMMENTS = YES;
				CLANG_WARN_EMPTY_BODY = YES;
				CLANG_WARN_ENUM_CONVERSION = YES;
				CLANG_WARN_INFINITE_RECURSION = YES;
				CLANG_WARN_INT_CONVERSION = YES;
				CLANG_WARN_NON_LITERAL_NULL_CONVERSION = YES;
				CLANG_WARN_OBJC_IMPLICIT_RETAIN_SELF = YES;
				CLANG_WARN_OBJC_LITERAL_CONVERSION = YES;
				CLANG_WARN_OBJC_ROOT_CLASS = YES_ERROR;
				CLANG_WARN_QUOTED_INCLUDE_IN_FRAMEWORK_HEADER = YES;
				CLANG_WARN_RANGE_LOOP_ANALYSIS = YES;
				CLANG_WARN_STRICT_PROTOTYPES = YES;
				CLANG_WARN_SUSPICIOUS_MOVE = YES;
				CLANG_WARN_UNGUARDED_AVAILABILITY = YES_AGGRESSIVE;
				CLANG_WARN_UNREACHABLE_CODE = YES;
				CLANG_WARN__DUPLICATE_METHOD_MATCH = YES;
				COPY_PHASE_STRIP = NO;
				DEBUG_INFORMATION_FORMAT = dwarf;
				ENABLE_STRICT_OBJC_MSGSEND = YES;
				ENABLE_TESTABILITY = YES;
				GCC_C_LANGUAGE_STANDARD = gnu11;
				GCC_DYNAMIC_NO_PIC = NO;
				GCC_NO_COMMON_BLOCKS = YES;
				GCC_OPTIMIZATION_LEVEL = 0;
				GCC_PREPROCESSOR_DEFINITIONS = (
					"DEBUG=1",
					"$(inherited)",
				);
				GCC_WARN_64_TO_32_BIT_CONVERSION = YES;
				GCC_WARN_ABOUT_RETURN_TYPE = YES_ERROR;
				GCC_WARN_UNDECLARED_SELECTOR = YES;
				GCC_WARN_UNINITIALIZED_AUTOS = YES_AGGRESSIVE;
				GCC_WARN_UNUSED_FUNCTION = YES;
				GCC_WARN_UNUSED_VARIABLE = YES;
				IPHONEOS_DEPLOYMENT_TARGET = 16.2;
				MTL_ENABLE_DEBUG_INFO = INCLUDE_SOURCE;
				MTL_FAST_MATH = YES;
				ONLY_ACTIVE_ARCH = YES;
				SDKROOT = iphoneos;
				SWIFT_ACTIVE_COMPILATION_CONDITIONS = DEBUG;
				SWIFT_OPTIMIZATION_LEVEL = "-Onone";
			};
			name = Debug;
		};
		163E5E7F29B8A47800A45A43 /* Release */ = {
			isa = XCBuildConfiguration;
			buildSettings = {
				ALWAYS_SEARCH_USER_PATHS = NO;
				CLANG_ANALYZER_NONNULL = YES;
				CLANG_ANALYZER_NUMBER_OBJECT_CONVERSION = YES_AGGRESSIVE;
				CLANG_CXX_LANGUAGE_STANDARD = "gnu++20";
				CLANG_ENABLE_MODULES = YES;
				CLANG_ENABLE_OBJC_ARC = YES;
				CLANG_ENABLE_OBJC_WEAK = YES;
				CLANG_WARN_BLOCK_CAPTURE_AUTORELEASING = YES;
				CLANG_WARN_BOOL_CONVERSION = YES;
				CLANG_WARN_COMMA = YES;
				CLANG_WARN_CONSTANT_CONVERSION = YES;
				CLANG_WARN_DEPRECATED_OBJC_IMPLEMENTATIONS = YES;
				CLANG_WARN_DIRECT_OBJC_ISA_USAGE = YES_ERROR;
				CLANG_WARN_DOCUMENTATION_COMMENTS = YES;
				CLANG_WARN_EMPTY_BODY = YES;
				CLANG_WARN_ENUM_CONVERSION = YES;
				CLANG_WARN_INFINITE_RECURSION = YES;
				CLANG_WARN_INT_CONVERSION = YES;
				CLANG_WARN_NON_LITERAL_NULL_CONVERSION = YES;
				CLANG_WARN_OBJC_IMPLICIT_RETAIN_SELF = YES;
				CLANG_WARN_OBJC_LITERAL_CONVERSION = YES;
				CLANG_WARN_OBJC_ROOT_CLASS = YES_ERROR;
				CLANG_WARN_QUOTED_INCLUDE_IN_FRAMEWORK_HEADER = YES;
				CLANG_WARN_RANGE_LOOP_ANALYSIS = YES;
				CLANG_WARN_STRICT_PROTOTYPES = YES;
				CLANG_WARN_SUSPICIOUS_MOVE = YES;
				CLANG_WARN_UNGUARDED_AVAILABILITY = YES_AGGRESSIVE;
				CLANG_WARN_UNREACHABLE_CODE = YES;
				CLANG_WARN__DUPLICATE_METHOD_MATCH = YES;
				COPY_PHASE_STRIP = NO;
				DEBUG_INFORMATION_FORMAT = "dwarf-with-dsym";
				ENABLE_NS_ASSERTIONS = NO;
				ENABLE_STRICT_OBJC_MSGSEND = YES;
				GCC_C_LANGUAGE_STANDARD = gnu11;
				GCC_NO_COMMON_BLOCKS = YES;
				GCC_WARN_64_TO_32_BIT_CONVERSION = YES;
				GCC_WARN_ABOUT_RETURN_TYPE = YES_ERROR;
				GCC_WARN_UNDECLARED_SELECTOR = YES;
				GCC_WARN_UNINITIALIZED_AUTOS = YES_AGGRESSIVE;
				GCC_WARN_UNUSED_FUNCTION = YES;
				GCC_WARN_UNUSED_VARIABLE = YES;
				IPHONEOS_DEPLOYMENT_TARGET = 16.2;
				MTL_ENABLE_DEBUG_INFO = NO;
				MTL_FAST_MATH = YES;
				SDKROOT = iphoneos;
				SWIFT_COMPILATION_MODE = wholemodule;
				SWIFT_OPTIMIZATION_LEVEL = "-O";
				VALIDATE_PRODUCT = YES;
			};
			name = Release;
		};
		163E5E8129B8A47800A45A43 /* Debug */ = {
			isa = XCBuildConfiguration;
			buildSettings = {
				ASSETCATALOG_COMPILER_APPICON_NAME = AppIcon;
				ASSETCATALOG_COMPILER_GLOBAL_ACCENT_COLOR_NAME = AccentColor;
				CLANG_ENABLE_MODULES = YES;
				CODE_SIGN_STYLE = Automatic;
				CURRENT_PROJECT_VERSION = 1;
				DEVELOPMENT_TEAM = W9HWC54SK4;
				GENERATE_INFOPLIST_FILE = YES;
				INFOPLIST_FILE = cardGame/Info.plist;
				INFOPLIST_KEY_UIApplicationSupportsIndirectInputEvents = YES;
				INFOPLIST_KEY_UILaunchStoryboardName = LaunchScreen;
				INFOPLIST_KEY_UIMainStoryboardFile = Main;
				INFOPLIST_KEY_UISupportedInterfaceOrientations_iPad = "UIInterfaceOrientationPortrait UIInterfaceOrientationPortraitUpsideDown UIInterfaceOrientationLandscapeLeft UIInterfaceOrientationLandscapeRight";
				INFOPLIST_KEY_UISupportedInterfaceOrientations_iPhone = "UIInterfaceOrientationPortrait UIInterfaceOrientationLandscapeLeft UIInterfaceOrientationLandscapeRight";
				LD_RUNPATH_SEARCH_PATHS = (
					"$(inherited)",
					"@executable_path/Frameworks",
				);
				MARKETING_VERSION = 1.0;
				PRODUCT_BUNDLE_IDENTIFIER = com.IslamCrew.cardGame;
				PRODUCT_NAME = "$(TARGET_NAME)";
				SWIFT_EMIT_LOC_STRINGS = YES;
				SWIFT_OPTIMIZATION_LEVEL = "-Onone";
				SWIFT_VERSION = 5.0;
				TARGETED_DEVICE_FAMILY = "1,2";
			};
			name = Debug;
		};
		163E5E8229B8A47800A45A43 /* Release */ = {
			isa = XCBuildConfiguration;
			buildSettings = {
				ASSETCATALOG_COMPILER_APPICON_NAME = AppIcon;
				ASSETCATALOG_COMPILER_GLOBAL_ACCENT_COLOR_NAME = AccentColor;
				CLANG_ENABLE_MODULES = YES;
				CODE_SIGN_STYLE = Automatic;
				CURRENT_PROJECT_VERSION = 1;
				DEVELOPMENT_TEAM = W9HWC54SK4;
				GENERATE_INFOPLIST_FILE = YES;
				INFOPLIST_FILE = cardGame/Info.plist;
				INFOPLIST_KEY_UIApplicationSupportsIndirectInputEvents = YES;
				INFOPLIST_KEY_UILaunchStoryboardName = LaunchScreen;
				INFOPLIST_KEY_UIMainStoryboardFile = Main;
				INFOPLIST_KEY_UISupportedInterfaceOrientations_iPad = "UIInterfaceOrientationPortrait UIInterfaceOrientationPortraitUpsideDown UIInterfaceOrientationLandscapeLeft UIInterfaceOrientationLandscapeRight";
				INFOPLIST_KEY_UISupportedInterfaceOrientations_iPhone = "UIInterfaceOrientationPortrait UIInterfaceOrientationLandscapeLeft UIInterfaceOrientationLandscapeRight";
				LD_RUNPATH_SEARCH_PATHS = (
					"$(inherited)",
					"@executable_path/Frameworks",
				);
				MARKETING_VERSION = 1.0;
				PRODUCT_BUNDLE_IDENTIFIER = com.IslamCrew.cardGame;
				PRODUCT_NAME = "$(TARGET_NAME)";
				SWIFT_EMIT_LOC_STRINGS = YES;
				SWIFT_VERSION = 5.0;
				TARGETED_DEVICE_FAMILY = "1,2";
			};
			name = Release;
		};
/* End XCBuildConfiguration section */

/* Begin XCConfigurationList section */
		163E5E6729B8A47700A45A43 /* Build configuration list for PBXProject "CARDGAME" */ = {
			isa = XCConfigurationList;
			buildConfigurations = (
				163E5E7E29B8A47800A45A43 /* Debug */,
				163E5E7F29B8A47800A45A43 /* Release */,
			);
			defaultConfigurationIsVisible = 0;
			defaultConfigurationName = Release;
		};
		163E5E8029B8A47800A45A43 /* Build configuration list for PBXNativeTarget "CARDGAME" */ = {
			isa = XCConfigurationList;
			buildConfigurations = (
				163E5E8129B8A47800A45A43 /* Debug */,
				163E5E8229B8A47800A45A43 /* Release */,
			);
			defaultConfigurationIsVisible = 0;
			defaultConfigurationName = Release;
		};
/* End XCConfigurationList section */
	};
	rootObject = 163E5E6429B8A47700A45A43 /* Project object */;
}
